
Microsoft Visual Studio Solution File, Format Version 12.00
# Visual Studio Version 17
VisualStudioVersion = 17.13.35913.81 d17.13
MinimumVisualStudioVersion = 10.0.40219.1
Project("{FAE04EC0-301F-11D3-BF4B-00C04F79EFBC}") = "Autodesk.Construction.AccountAdmin.Test", "test\Autodesk.Construction.AccountAdmin.Test.csproj", "{B5CF67B7-61DF-4C10-9443-40F36F1F3BBB}"
EndProject
Project("{FAE04EC0-301F-11D3-BF4B-00C04F79EFBC}") = "Autodesk.Construction.AccountAdmin", "source\Autodesk.Construction.AccountAdmin.csproj", "{EFA9B2AB-581B-9313-1A40-A41F7663E437}"
EndProject
Global
	GlobalSection(SolutionConfigurationPlatforms) = preSolution
		Debug|Any CPU = Debug|Any CPU
		Release|Any CPU = Release|Any CPU
	EndGlobalSection
	GlobalSection(ProjectConfigurationPlatforms) = postSolution
		{B5CF67B7-61DF-4C10-9443-40F36F1F3BBB}.Debug|Any CPU.ActiveCfg = Debug|Any CPU
		{B5CF67B7-61DF-4C10-9443-40F36F1F3BBB}.Debug|Any CPU.Build.0 = Debug|Any CPU
		{B5CF67B7-61DF-4C10-9443-40F36F1F3BBB}.Release|Any CPU.ActiveCfg = Release|Any CPU
		{B5CF67B7-61DF-4C10-9443-40F36F1F3BBB}.Release|Any CPU.Build.0 = Release|Any CPU
		{EFA9B2AB-581B-9313-1A40-A41F7663E437}.Debug|Any CPU.ActiveCfg = Debug|Any CPU
		{EFA9B2AB-581B-9313-1A40-A41F7663E437}.Debug|Any CPU.Build.0 = Debug|Any CPU
		{EFA9B2AB-581B-9313-1A40-A41F7663E437}.Release|Any CPU.ActiveCfg = Release|Any CPU
		{EFA9B2AB-581B-9313-1A40-A41F7663E437}.Release|Any CPU.Build.0 = Release|Any CPU
	EndGlobalSection
	GlobalSection(SolutionProperties) = preSolution
		HideSolutionNode = FALSE
	EndGlobalSection
	GlobalSection(ExtensibilityGlobals) = postSolution
		SolutionGuid = {A57C34B3-572B-42C3-BC97-6A0AD95C207D}
	EndGlobalSection
EndGlobal
