
Microsoft Visual Studio Solution File, Format Version 12.00
# Visual Studio Version 17
VisualStudioVersion = 17.0.31903.59
MinimumVisualStudioVersion = 10.0.40219.1
Project("{2150E333-8FDC-42A3-9474-1A3956D46DE8}") = "modelderivative", "modelderivative", "{3E6CDD5D-9AEA-4A9C-9085-00D791DD34E4}"
EndProject
Project("{FAE04EC0-301F-11D3-BF4B-00C04F79EFBC}") = "Autodesk.ModelDerivativeApi", "modelderivative\source\Autodesk.ModelDerivativeApi.csproj", "{ED05FF2A-8775-4552-B0FF-C9BCD6CB66D4}"
EndProject
Project("{2150E333-8FDC-42A3-9474-1A3956D46DE8}") = "webhooks", "webhooks", "{50380220-FCC6-401E-B36A-5BD6CFE0D70E}"
EndProject
Project("{FAE04EC0-301F-11D3-BF4B-00C04F79EFBC}") = "Autodesk.WebhooksApi", "webhooks\source\Autodesk.WebhooksApi.csproj", "{5F54DA01-35E8-460D-9E11-5BD8A595E0AA}"
EndProject
Project("{2150E333-8FDC-42A3-9474-1A3956D46DE8}") = "datamanagement", "datamanagement", "{46B7D388-D640-40F4-AB18-5CE712DD5A36}"
EndProject
Project("{FAE04EC0-301F-11D3-BF4B-00C04F79EFBC}") = "Autodesk.DataManagementApi", "datamanagement\source\Autodesk.DataManagementApi.csproj", "{EDD91D74-7221-4859-8EFD-2DC2E3549B55}"
EndProject
Project("{2150E333-8FDC-42A3-9474-1A3956D46DE8}") = "oss", "oss", "{1ADC317D-E69E-48A8-999D-CB00EB1EBD88}"
EndProject
Project("{FAE04EC0-301F-11D3-BF4B-00C04F79EFBC}") = "Autodesk.Oss", "oss\source\Autodesk.Oss.csproj", "{007F105D-E656-4744-82A3-9080099B10DC}"
EndProject
Project("{2150E333-8FDC-42A3-9474-1A3956D46DE8}") = "authentication", "authentication", "{F4C92067-B21E-4309-A426-C7CEC0BD6213}"
EndProject
Project("{FAE04EC0-301F-11D3-BF4B-00C04F79EFBC}") = "Autodesk.Authentication", "authentication\source\Autodesk.Authentication.csproj", "{6FD0F8C7-0547-4ED7-93A2-525B4A3411A9}"
EndProject
Global
	GlobalSection(SolutionConfigurationPlatforms) = preSolution
		Debug|Any CPU = Debug|Any CPU
		Release|Any CPU = Release|Any CPU
	EndGlobalSection
	GlobalSection(SolutionProperties) = preSolution
		HideSolutionNode = FALSE
	EndGlobalSection
	GlobalSection(ProjectConfigurationPlatforms) = postSolution
		{ED05FF2A-8775-4552-B0FF-C9BCD6CB66D4}.Debug|Any CPU.ActiveCfg = Debug|Any CPU
		{ED05FF2A-8775-4552-B0FF-C9BCD6CB66D4}.Debug|Any CPU.Build.0 = Debug|Any CPU
		{ED05FF2A-8775-4552-B0FF-C9BCD6CB66D4}.Release|Any CPU.ActiveCfg = Release|Any CPU
		{ED05FF2A-8775-4552-B0FF-C9BCD6CB66D4}.Release|Any CPU.Build.0 = Release|Any CPU
		{5F54DA01-35E8-460D-9E11-5BD8A595E0AA}.Debug|Any CPU.ActiveCfg = Debug|Any CPU
		{5F54DA01-35E8-460D-9E11-5BD8A595E0AA}.Debug|Any CPU.Build.0 = Debug|Any CPU
		{5F54DA01-35E8-460D-9E11-5BD8A595E0AA}.Release|Any CPU.ActiveCfg = Release|Any CPU
		{5F54DA01-35E8-460D-9E11-5BD8A595E0AA}.Release|Any CPU.Build.0 = Release|Any CPU
		{EDD91D74-7221-4859-8EFD-2DC2E3549B55}.Debug|Any CPU.ActiveCfg = Debug|Any CPU
		{EDD91D74-7221-4859-8EFD-2DC2E3549B55}.Debug|Any CPU.Build.0 = Debug|Any CPU
		{EDD91D74-7221-4859-8EFD-2DC2E3549B55}.Release|Any CPU.ActiveCfg = Release|Any CPU
		{EDD91D74-7221-4859-8EFD-2DC2E3549B55}.Release|Any CPU.Build.0 = Release|Any CPU
		{007F105D-E656-4744-82A3-9080099B10DC}.Debug|Any CPU.ActiveCfg = Debug|Any CPU
		{007F105D-E656-4744-82A3-9080099B10DC}.Debug|Any CPU.Build.0 = Debug|Any CPU
		{007F105D-E656-4744-82A3-9080099B10DC}.Release|Any CPU.ActiveCfg = Release|Any CPU
		{007F105D-E656-4744-82A3-9080099B10DC}.Release|Any CPU.Build.0 = Release|Any CPU
		{6FD0F8C7-0547-4ED7-93A2-525B4A3411A9}.Debug|Any CPU.ActiveCfg = Debug|Any CPU
		{6FD0F8C7-0547-4ED7-93A2-525B4A3411A9}.Debug|Any CPU.Build.0 = Debug|Any CPU
		{6FD0F8C7-0547-4ED7-93A2-525B4A3411A9}.Release|Any CPU.ActiveCfg = Release|Any CPU
		{6FD0F8C7-0547-4ED7-93A2-525B4A3411A9}.Release|Any CPU.Build.0 = Release|Any CPU
	EndGlobalSection
	GlobalSection(NestedProjects) = preSolution
		{ED05FF2A-8775-4552-B0FF-C9BCD6CB66D4} = {3E6CDD5D-9AEA-4A9C-9085-00D791DD34E4}
		{5F54DA01-35E8-460D-9E11-5BD8A595E0AA} = {50380220-FCC6-401E-B36A-5BD6CFE0D70E}
		{EDD91D74-7221-4859-8EFD-2DC2E3549B55} = {46B7D388-D640-40F4-AB18-5CE712DD5A36}
		{007F105D-E656-4744-82A3-9080099B10DC} = {1ADC317D-E69E-48A8-999D-CB00EB1EBD88}
		{6FD0F8C7-0547-4ED7-93A2-525B4A3411A9} = {F4C92067-B21E-4309-A426-C7CEC0BD6213}
	EndGlobalSection
EndGlobal
