
Microsoft Visual Studio Solution File, Format Version 12.00
# Visual Studio Version 16
VisualStudioVersion = 16.0.30114.105
MinimumVisualStudioVersion = 10.0.40219.1
Project("{FAE04EC0-301F-11D3-BF4B-00C04F79EFBC}") = "Autodesk.DataManagement", "source\Autodesk.DataManagement.csproj", "{4E496045-3AB8-4048-9885-9D02A9DB9FA2}"
EndProject
Project("{FAE04EC0-301F-11D3-BF4B-00C04F79EFBC}") = "Autodesk.DataManagement.Test", "test\Autodesk.DataManagement.Test.csproj", "{DED1DC8F-3E99-4236-AC2C-E2E5A252A503}"
EndProject
Global
	GlobalSection(SolutionConfigurationPlatforms) = preSolution
		Debug|Any CPU = Debug|Any CPU
		Release|Any CPU = Release|Any CPU
	EndGlobalSection
	GlobalSection(SolutionProperties) = preSolution
		HideSolutionNode = FALSE
	EndGlobalSection
	GlobalSection(ProjectConfigurationPlatforms) = postSolution
		{4E496045-3AB8-4048-9885-9D02A9DB9FA2}.Debug|Any CPU.ActiveCfg = Debug|Any CPU
		{4E496045-3AB8-4048-9885-9D02A9DB9FA2}.Debug|Any CPU.Build.0 = Debug|Any CPU
		{4E496045-3AB8-4048-9885-9D02A9DB9FA2}.Release|Any CPU.ActiveCfg = Release|Any CPU
		{4E496045-3AB8-4048-9885-9D02A9DB9FA2}.Release|Any CPU.Build.0 = Release|Any CPU
		{DED1DC8F-3E99-4236-AC2C-E2E5A252A503}.Debug|Any CPU.ActiveCfg = Debug|Any CPU
		{DED1DC8F-3E99-4236-AC2C-E2E5A252A503}.Debug|Any CPU.Build.0 = Debug|Any CPU
		{DED1DC8F-3E99-4236-AC2C-E2E5A252A503}.Release|Any CPU.ActiveCfg = Release|Any CPU
		{DED1DC8F-3E99-4236-AC2C-E2E5A252A503}.Release|Any CPU.Build.0 = Release|Any CPU
	EndGlobalSection
EndGlobal
