
Microsoft Visual Studio Solution File, Format Version 12.00
# Visual Studio Version 16
VisualStudioVersion = 16.0.30114.105
MinimumVisualStudioVersion = 10.0.40219.1
Project("{FAE04EC0-301F-11D3-BF4B-00C04F79EFBC}") = "Autodesk.Oss", "source\Autodesk.Oss.csproj", "{75E40545-8714-4986-9E85-5197070DBB3F}"
EndProject
Project("{FAE04EC0-301F-11D3-BF4B-00C04F79EFBC}") = "Autodesk.Oss.Test", "test\Autodesk.Oss.Test.csproj", "{6365EA56-4EF3-4EA8-9EFB-C1FECA8087E5}"
EndProject
Global
	GlobalSection(SolutionConfigurationPlatforms) = preSolution
		Debug|Any CPU = Debug|Any CPU
		Release|Any CPU = Release|Any CPU
	EndGlobalSection
	GlobalSection(SolutionProperties) = preSolution
		HideSolutionNode = FALSE
	EndGlobalSection
	GlobalSection(ProjectConfigurationPlatforms) = postSolution
		{75E40545-8714-4986-9E85-5197070DBB3F}.Debug|Any CPU.ActiveCfg = Debug|Any CPU
		{75E40545-8714-4986-9E85-5197070DBB3F}.Debug|Any CPU.Build.0 = Debug|Any CPU
		{75E40545-8714-4986-9E85-5197070DBB3F}.Release|Any CPU.ActiveCfg = Release|Any CPU
		{75E40545-8714-4986-9E85-5197070DBB3F}.Release|Any CPU.Build.0 = Release|Any CPU
		{6365EA56-4EF3-4EA8-9EFB-C1FECA8087E5}.Debug|Any CPU.ActiveCfg = Debug|Any CPU
		{6365EA56-4EF3-4EA8-9EFB-C1FECA8087E5}.Debug|Any CPU.Build.0 = Debug|Any CPU
		{6365EA56-4EF3-4EA8-9EFB-C1FECA8087E5}.Release|Any CPU.ActiveCfg = Release|Any CPU
		{6365EA56-4EF3-4EA8-9EFB-C1FECA8087E5}.Release|Any CPU.Build.0 = Release|Any CPU
	EndGlobalSection
EndGlobal
